
Microsoft Visual Studio Solution File, Format Version 12.00
# Visual Studio Version 17
VisualStudioVersion = 17.7.34202.233
MinimumVisualStudioVersion = 10.0.40219.1
Project("{FAE04EC0-301F-11D3-BF4B-00C04F79EFBC}") = "Klasy", "Klasy\Klasy.csproj", "{DD1F6FE6-AA41-42F1-8EBF-FFDB33A6EBDD}"
EndProject
Global
	GlobalSection(SolutionConfigurationPlatforms) = preSolution
		Debug|Any CPU = Debug|Any CPU
		Release|Any CPU = Release|Any CPU
	EndGlobalSection
	GlobalSection(ProjectConfigurationPlatforms) = postSolution
		{DD1F6FE6-AA41-42F1-8EBF-FFDB33A6EBDD}.Debug|Any CPU.ActiveCfg = Debug|Any CPU
		{DD1F6FE6-AA41-42F1-8EBF-FFDB33A6EBDD}.Debug|Any CPU.Build.0 = Debug|Any CPU
		{DD1F6FE6-AA41-42F1-8EBF-FFDB33A6EBDD}.Release|Any CPU.ActiveCfg = Release|Any CPU
		{DD1F6FE6-AA41-42F1-8EBF-FFDB33A6EBDD}.Release|Any CPU.Build.0 = Release|Any CPU
	EndGlobalSection
	GlobalSection(SolutionProperties) = preSolution
		HideSolutionNode = FALSE
	EndGlobalSection
	GlobalSection(ExtensibilityGlobals) = postSolution
		SolutionGuid = {6521C049-9B09-45F1-BF97-66E51585B776}
	EndGlobalSection
EndGlobal
