
Microsoft Visual Studio Solution File, Format Version 12.00
# Visual Studio Version 17
VisualStudioVersion = 17.7.34202.233
MinimumVisualStudioVersion = 10.0.40219.1
Project("{FAE04EC0-301F-11D3-BF4B-00C04F79EFBC}") = "ChallengeApp", "ChallengeApp\ChallengeApp.csproj", "{18CEEE19-4837-49D6-9E0A-3386D4320F83}"
EndProject
Global
	GlobalSection(SolutionConfigurationPlatforms) = preSolution
		Debug|Any CPU = Debug|Any CPU
		Release|Any CPU = Release|Any CPU
	EndGlobalSection
	GlobalSection(ProjectConfigurationPlatforms) = postSolution
		{18CEEE19-4837-49D6-9E0A-3386D4320F83}.Debug|Any CPU.ActiveCfg = Debug|Any CPU
		{18CEEE19-4837-49D6-9E0A-3386D4320F83}.Debug|Any CPU.Build.0 = Debug|Any CPU
		{18CEEE19-4837-49D6-9E0A-3386D4320F83}.Release|Any CPU.ActiveCfg = Release|Any CPU
		{18CEEE19-4837-49D6-9E0A-3386D4320F83}.Release|Any CPU.Build.0 = Release|Any CPU
	EndGlobalSection
	GlobalSection(SolutionProperties) = preSolution
		HideSolutionNode = FALSE
	EndGlobalSection
	GlobalSection(ExtensibilityGlobals) = postSolution
		SolutionGuid = {FD3E6103-2BB7-4A84-BC8A-83B29A9AD625}
	EndGlobalSection
EndGlobal
